// !$*UTF8*$!
{
	archiveVersion = 1;
	classes = {
	};
	objectVersion = 50;
	objects = {

/* Begin PBXBuildFile section */
		A083E3B225AF70C000F9D9BB /* I_think_you_re_projectingApp.swift in Sources */ = {isa = PBXBuildFile; fileRef = A083E3B125AF70C000F9D9BB /* I_think_you_re_projectingApp.swift */; };
		A083E3B425AF70C000F9D9BB /* ContentView.swift in Sources */ = {isa = PBXBuildFile; fileRef = A083E3B325AF70C000F9D9BB /* ContentView.swift */; };
		A083E3B625AF70C000F9D9BB /* Assets.xcassets in Resources */ = {isa = PBXBuildFile; fileRef = A083E3B525AF70C000F9D9BB /* Assets.xcassets */; };
		A083E3B925AF70C100F9D9BB /* Preview Assets.xcassets in Resources */ = {isa = PBXBuildFile; fileRef = A083E3B825AF70C100F9D9BB /* Preview Assets.xcassets */; };
/* End PBXBuildFile section */

/* Begin PBXFileReference section */
		A083E3AE25AF70C000F9D9BB /* I think you're projecting.app */ = {isa = PBXFileReference; explicitFileType = wrapper.application; includeInIndex = 0; path = "I think you're projecting.app"; sourceTree = BUILT_PRODUCTS_DIR; };
		A083E3B125AF70C000F9D9BB /* I_think_you_re_projectingApp.swift */ = {isa = PBXFileReference; lastKnownFileType = sourcecode.swift; path = I_think_you_re_projectingApp.swift; sourceTree = "<group>"; };
		A083E3B325AF70C000F9D9BB /* ContentView.swift */ = {isa = PBXFileReference; lastKnownFileType = sourcecode.swift; path = ContentView.swift; sourceTree = "<group>"; };
		A083E3B525AF70C000F9D9BB /* Assets.xcassets */ = {isa = PBXFileReference; lastKnownFileType = folder.assetcatalog; path = Assets.xcassets; sourceTree = "<group>"; };
		A083E3B825AF70C100F9D9BB /* Preview Assets.xcassets */ = {isa = PBXFileReference; lastKnownFileType = folder.assetcatalog; path = "Preview Assets.xcassets"; sourceTree = "<group>"; };
		A083E3BA25AF70C100F9D9BB /* Info.plist */ = {isa = PBXFileReference; lastKnownFileType = text.plist.xml; path = Info.plist; sourceTree = "<group>"; };
/* End PBXFileReference section */

/* Begin PBXFrameworksBuildPhase section */
		A083E3AB25AF70BF00F9D9BB /* Frameworks */ = {
			isa = PBXFrameworksBuildPhase;
			buildActionMask = 2147483647;
			files = (
			);
			runOnlyForDeploymentPostprocessing = 0;
		};
/* End PBXFrameworksBuildPhase section */

/* Begin PBXGroup section */
		A083E3A525AF70BF00F9D9BB = {
			isa = PBXGroup;
			children = (
				A083E3B025AF70C000F9D9BB /* I think you're projecting */,
				A083E3AF25AF70C000F9D9BB /* Products */,
			);
			sourceTree = "<group>";
		};
		A083E3AF25AF70C000F9D9BB /* Products */ = {
			isa = PBXGroup;
			children = (
				A083E3AE25AF70C000F9D9BB /* I think you're projecting.app */,
			);
			name = Products;
			sourceTree = "<group>";
		};
		A083E3B025AF70C000F9D9BB /* I think you're projecting */ = {
			isa = PBXGroup;
			children = (
				A083E3B125AF70C000F9D9BB /* I_think_you_re_projectingApp.swift */,
				A083E3B325AF70C000F9D9BB /* ContentView.swift */,
				A083E3B525AF70C000F9D9BB /* Assets.xcassets */,
				A083E3BA25AF70C100F9D9BB /* Info.plist */,
				A083E3B725AF70C100F9D9BB /* Preview Content */,
			);
			path = "I think you're projecting";
			sourceTree = "<group>";
		};
		A083E3B725AF70C100F9D9BB /* Preview Content */ = {
			isa = PBXGroup;
			children = (
				A083E3B825AF70C100F9D9BB /* Preview Assets.xcassets */,
			);
			path = "Preview Content";
			sourceTree = "<group>";
		};
/* End PBXGroup section */

/* Begin PBXNativeTarget section */
		A083E3AD25AF70BF00F9D9BB /* I think you're projecting */ = {
			isa = PBXNativeTarget;
			buildConfigurationList = A083E3BD25AF70C100F9D9BB /* Build configuration list for PBXNativeTarget "I think you're projecting" */;
			buildPhases = (
				A083E3AA25AF70BF00F9D9BB /* Sources */,
				A083E3AB25AF70BF00F9D9BB /* Frameworks */,
				A083E3AC25AF70BF00F9D9BB /* Resources */,
			);
			buildRules = (
			);
			dependencies = (
			);
			name = "I think you're projecting";
			productName = "I think you're projecting";
			productReference = A083E3AE25AF70C000F9D9BB /* I think you're projecting.app */;
			productType = "com.apple.product-type.application";
		};
/* End PBXNativeTarget section */

/* Begin PBXProject section */
		A083E3A625AF70BF00F9D9BB /* Project object */ = {
			isa = PBXProject;
			attributes = {
				LastSwiftUpdateCheck = 1230;
				LastUpgradeCheck = 1230;
				TargetAttributes = {
					A083E3AD25AF70BF00F9D9BB = {
						CreatedOnToolsVersion = 12.3;
					};
				};
			};
			buildConfigurationList = A083E3A925AF70BF00F9D9BB /* Build configuration list for PBXProject "I think you're projecting" */;
			compatibilityVersion = "Xcode 9.3";
			developmentRegion = en;
			hasScannedForEncodings = 0;
			knownRegions = (
				en,
				Base,
			);
			mainGroup = A083E3A525AF70BF00F9D9BB;
			productRefGroup = A083E3AF25AF70C000F9D9BB /* Products */;
			projectDirPath = "";
			projectRoot = "";
			targets = (
				A083E3AD25AF70BF00F9D9BB /* I think you're projecting */,
			);
		};
/* End PBXProject section */

/* Begin PBXResourcesBuildPhase section */
		A083E3AC25AF70BF00F9D9BB /* Resources */ = {
			isa = PBXResourcesBuildPhase;
			buildActionMask = 2147483647;
			files = (
				A083E3B925AF70C100F9D9BB /* Preview Assets.xcassets in Resources */,
				A083E3B625AF70C000F9D9BB /* Assets.xcassets in Resources */,
			);
			runOnlyForDeploymentPostprocessing = 0;
		};
/* End PBXResourcesBuildPhase section */

/* Begin PBXSourcesBuildPhase section */
		A083E3AA25AF70BF00F9D9BB /* Sources */ = {
			isa = PBXSourcesBuildPhase;
			buildActionMask = 2147483647;
			files = (
				A083E3B425AF70C000F9D9BB /* ContentView.swift in Sources */,
				A083E3B225AF70C000F9D9BB /* I_think_you_re_projectingApp.swift in Sources */,
			);
			runOnlyForDeploymentPostprocessing = 0;
		};
/* End PBXSourcesBuildPhase section */

/* Begin XCBuildConfiguration section */
		A083E3BB25AF70C100F9D9BB /* Debug */ = {
			isa = XCBuildConfiguration;
			buildSettings = {
				ALWAYS_SEARCH_USER_PATHS = NO;
				CLANG_ANALYZER_NONNULL = YES;
				CLANG_ANALYZER_NUMBER_OBJECT_CONVERSION = YES_AGGRESSIVE;
				CLANG_CXX_LANGUAGE_STANDARD = "gnu++14";
				CLANG_CXX_LIBRARY = "libc++";
				CLANG_ENABLE_MODULES = YES;
				CLANG_ENABLE_OBJC_ARC = YES;
				CLANG_ENABLE_OBJC_WEAK = YES;
				CLANG_WARN_BLOCK_CAPTURE_AUTORELEASING = YES;
				CLANG_WARN_BOOL_CONVERSION = YES;
				CLANG_WARN_COMMA = YES;
				CLANG_WARN_CONSTANT_CONVERSION = YES;
				CLANG_WARN_DEPRECATED_OBJC_IMPLEMENTATIONS = YES;
				CLANG_WARN_DIRECT_OBJC_ISA_USAGE = YES_ERROR;
				CLANG_WARN_DOCUMENTATION_COMMENTS = YES;
				CLANG_WARN_EMPTY_BODY = YES;
				CLANG_WARN_ENUM_CONVERSION = YES;
				CLANG_WARN_INFINITE_RECURSION = YES;
				CLANG_WARN_INT_CONVERSION = YES;
				CLANG_WARN_NON_LITERAL_NULL_CONVERSION = YES;
				CLANG_WARN_OBJC_IMPLICIT_RETAIN_SELF = YES;
				CLANG_WARN_OBJC_LITERAL_CONVERSION = YES;
				CLANG_WARN_OBJC_ROOT_CLASS = YES_ERROR;
				CLANG_WARN_QUOTED_INCLUDE_IN_FRAMEWORK_HEADER = YES;
				CLANG_WARN_RANGE_LOOP_ANALYSIS = YES;
				CLANG_WARN_STRICT_PROTOTYPES = YES;
				CLANG_WARN_SUSPICIOUS_MOVE = YES;
				CLANG_WARN_UNGUARDED_AVAILABILITY = YES_AGGRESSIVE;
				CLANG_WARN_UNREACHABLE_CODE = YES;
				CLANG_WARN__DUPLICATE_METHOD_MATCH = YES;
				COPY_PHASE_STRIP = NO;
				DEBUG_INFORMATION_FORMAT = dwarf;
				ENABLE_STRICT_OBJC_MSGSEND = YES;
				ENABLE_TESTABILITY = YES;
				GCC_C_LANGUAGE_STANDARD = gnu11;
				GCC_DYNAMIC_NO_PIC = NO;
				GCC_NO_COMMON_BLOCKS = YES;
				GCC_OPTIMIZATION_LEVEL = 0;
				GCC_PREPROCESSOR_DEFINITIONS = (
					"DEBUG=1",
					"$(inherited)",
				);
				GCC_WARN_64_TO_32_BIT_CONVERSION = YES;
				GCC_WARN_ABOUT_RETURN_TYPE = YES_ERROR;
				GCC_WARN_UNDECLARED_SELECTOR = YES;
				GCC_WARN_UNINITIALIZED_AUTOS = YES_AGGRESSIVE;
				GCC_WARN_UNUSED_FUNCTION = YES;
				GCC_WARN_UNUSED_VARIABLE = YES;
				IPHONEOS_DEPLOYMENT_TARGET = 14.3;
				MTL_ENABLE_DEBUG_INFO = INCLUDE_SOURCE;
				MTL_FAST_MATH = YES;
				ONLY_ACTIVE_ARCH = YES;
				SDKROOT = iphoneos;
				SWIFT_ACTIVE_COMPILATION_CONDITIONS = DEBUG;
				SWIFT_OPTIMIZATION_LEVEL = "-Onone";
			};
			name = Debug;
		};
		A083E3BC25AF70C100F9D9BB /* Release */ = {
			isa = XCBuildConfiguration;
			buildSettings = {
				ALWAYS_SEARCH_USER_PATHS = NO;
				CLANG_ANALYZER_NONNULL = YES;
				CLANG_ANALYZER_NUMBER_OBJECT_CONVERSION = YES_AGGRESSIVE;
				CLANG_CXX_LANGUAGE_STANDARD = "gnu++14";
				CLANG_CXX_LIBRARY = "libc++";
				CLANG_ENABLE_MODULES = YES;
				CLANG_ENABLE_OBJC_ARC = YES;
				CLANG_ENABLE_OBJC_WEAK = YES;
				CLANG_WARN_BLOCK_CAPTURE_AUTORELEASING = YES;
				CLANG_WARN_BOOL_CONVERSION = YES;
				CLANG_WARN_COMMA = YES;
				CLANG_WARN_CONSTANT_CONVERSION = YES;
				CLANG_WARN_DEPRECATED_OBJC_IMPLEMENTATIONS = YES;
				CLANG_WARN_DIRECT_OBJC_ISA_USAGE = YES_ERROR;
				CLANG_WARN_DOCUMENTATION_COMMENTS = YES;
				CLANG_WARN_EMPTY_BODY = YES;
				CLANG_WARN_ENUM_CONVERSION = YES;
				CLANG_WARN_INFINITE_RECURSION = YES;
				CLANG_WARN_INT_CONVERSION = YES;
				CLANG_WARN_NON_LITERAL_NULL_CONVERSION = YES;
				CLANG_WARN_OBJC_IMPLICIT_RETAIN_SELF = YES;
				CLANG_WARN_OBJC_LITERAL_CONVERSION = YES;
				CLANG_WARN_OBJC_ROOT_CLASS = YES_ERROR;
				CLANG_WARN_QUOTED_INCLUDE_IN_FRAMEWORK_HEADER = YES;
				CLANG_WARN_RANGE_LOOP_ANALYSIS = YES;
				CLANG_WARN_STRICT_PROTOTYPES = YES;
				CLANG_WARN_SUSPICIOUS_MOVE = YES;
				CLANG_WARN_UNGUARDED_AVAILABILITY = YES_AGGRESSIVE;
				CLANG_WARN_UNREACHABLE_CODE = YES;
				CLANG_WARN__DUPLICATE_METHOD_MATCH = YES;
				COPY_PHASE_STRIP = NO;
				DEBUG_INFORMATION_FORMAT = "dwarf-with-dsym";
				ENABLE_NS_ASSERTIONS = NO;
				ENABLE_STRICT_OBJC_MSGSEND = YES;
				GCC_C_LANGUAGE_STANDARD = gnu11;
				GCC_NO_COMMON_BLOCKS = YES;
				GCC_WARN_64_TO_32_BIT_CONVERSION = YES;
				GCC_WARN_ABOUT_RETURN_TYPE = YES_ERROR;
				GCC_WARN_UNDECLARED_SELECTOR = YES;
				GCC_WARN_UNINITIALIZED_AUTOS = YES_AGGRESSIVE;
				GCC_WARN_UNUSED_FUNCTION = YES;
				GCC_WARN_UNUSED_VARIABLE = YES;
				IPHONEOS_DEPLOYMENT_TARGET = 14.3;
				MTL_ENABLE_DEBUG_INFO = NO;
				MTL_FAST_MATH = YES;
				SDKROOT = iphoneos;
				SWIFT_COMPILATION_MODE = wholemodule;
				SWIFT_OPTIMIZATION_LEVEL = "-O";
				VALIDATE_PRODUCT = YES;
			};
			name = Release;
		};
		A083E3BE25AF70C100F9D9BB /* Debug */ = {
			isa = XCBuildConfiguration;
			buildSettings = {
				ASSETCATALOG_COMPILER_APPICON_NAME = AppIcon;
				ASSETCATALOG_COMPILER_GLOBAL_ACCENT_COLOR_NAME = AccentColor;
				CODE_SIGN_STYLE = Automatic;
				DEVELOPMENT_ASSET_PATHS = "\"I think you're projecting/Preview Content\"";
				DEVELOPMENT_TEAM = AZFMYC7RVP;
				ENABLE_PREVIEWS = YES;
				INFOPLIST_FILE = "I think you're projecting/Info.plist";
				IPHONEOS_DEPLOYMENT_TARGET = 14.0;
				LD_RUNPATH_SEARCH_PATHS = (
					"$(inherited)",
					"@executable_path/Frameworks",
				);
				PRODUCT_BUNDLE_IDENTIFIER = "com.ben.I-think-you-re-projecting";
				PRODUCT_NAME = "$(TARGET_NAME)";
				SWIFT_VERSION = 5.0;
				TARGETED_DEVICE_FAMILY = "1,2";
			};
			name = Debug;
		};
		A083E3BF25AF70C100F9D9BB /* Release */ = {
			isa = XCBuildConfiguration;
			buildSettings = {
				ASSETCATALOG_COMPILER_APPICON_NAME = AppIcon;
				ASSETCATALOG_COMPILER_GLOBAL_ACCENT_COLOR_NAME = AccentColor;
				CODE_SIGN_STYLE = Automatic;
				DEVELOPMENT_ASSET_PATHS = "\"I think you're projecting/Preview Content\"";
				DEVELOPMENT_TEAM = AZFMYC7RVP;
				ENABLE_PREVIEWS = YES;
				INFOPLIST_FILE = "I think you're projecting/Info.plist";
				IPHONEOS_DEPLOYMENT_TARGET = 14.0;
				LD_RUNPATH_SEARCH_PATHS = (
					"$(inherited)",
					"@executable_path/Frameworks",
				);
				PRODUCT_BUNDLE_IDENTIFIER = "com.ben.I-think-you-re-projecting";
				PRODUCT_NAME = "$(TARGET_NAME)";
				SWIFT_VERSION = 5.0;
				TARGETED_DEVICE_FAMILY = "1,2";
			};
			name = Release;
		};
/* End XCBuildConfiguration section */

/* Begin XCConfigurationList section */
		A083E3A925AF70BF00F9D9BB /* Build configuration list for PBXProject "I think you're projecting" */ = {
			isa = XCConfigurationList;
			buildConfigurations = (
				A083E3BB25AF70C100F9D9BB /* Debug */,
				A083E3BC25AF70C100F9D9BB /* Release */,
			);
			defaultConfigurationIsVisible = 0;
			defaultConfigurationName = Release;
		};
		A083E3BD25AF70C100F9D9BB /* Build configuration list for PBXNativeTarget "I think you're projecting" */ = {
			isa = XCConfigurationList;
			buildConfigurations = (
				A083E3BE25AF70C100F9D9BB /* Debug */,
				A083E3BF25AF70C100F9D9BB /* Release */,
			);
			defaultConfigurationIsVisible = 0;
			defaultConfigurationName = Release;
		};
/* End XCConfigurationList section */
	};
	rootObject = A083E3A625AF70BF00F9D9BB /* Project object */;
}
